// !$*UTF8*$!
{
	archiveVersion = 1;
	classes = {
	};
	objectVersion = 50;
	objects = {

/* Begin PBXBuildFile section */
		2C418C7D25AFD5AF00DAE5DB /* Tests_iOS.swift in Sources */ = {isa = PBXBuildFile; fileRef = 2C418C7C25AFD5AF00DAE5DB /* Tests_iOS.swift */; };
		2C418C8825AFD5AF00DAE5DB /* Tests_macOS.swift in Sources */ = {isa = PBXBuildFile; fileRef = 2C418C8725AFD5AF00DAE5DB /* Tests_macOS.swift */; };
		2C418C8A25AFD5AF00DAE5DB /* MoonshotApp.swift in Sources */ = {isa = PBXBuildFile; fileRef = 2C418C6125AFD5AE00DAE5DB /* MoonshotApp.swift */; };
		2C418C8B25AFD5AF00DAE5DB /* MoonshotApp.swift in Sources */ = {isa = PBXBuildFile; fileRef = 2C418C6125AFD5AE00DAE5DB /* MoonshotApp.swift */; };
		2C418C8C25AFD5AF00DAE5DB /* ContentView.swift in Sources */ = {isa = PBXBuildFile; fileRef = 2C418C6225AFD5AE00DAE5DB /* ContentView.swift */; };
		2C418C8D25AFD5AF00DAE5DB /* ContentView.swift in Sources */ = {isa = PBXBuildFile; fileRef = 2C418C6225AFD5AE00DAE5DB /* ContentView.swift */; };
		2C418C8E25AFD5AF00DAE5DB /* Assets.xcassets in Resources */ = {isa = PBXBuildFile; fileRef = 2C418C6325AFD5AF00DAE5DB /* Assets.xcassets */; };
		2C418C8F25AFD5AF00DAE5DB /* Assets.xcassets in Resources */ = {isa = PBXBuildFile; fileRef = 2C418C6325AFD5AF00DAE5DB /* Assets.xcassets */; };
		2C80C4F125B1F4FC00803A6B /* astronauts.json in Resources */ = {isa = PBXBuildFile; fileRef = 2C80C4EF25B1F4FC00803A6B /* astronauts.json */; };
		2C80C4F225B1F4FC00803A6B /* astronauts.json in Resources */ = {isa = PBXBuildFile; fileRef = 2C80C4EF25B1F4FC00803A6B /* astronauts.json */; };
		2C80C4F325B1F4FC00803A6B /* missions.json in Resources */ = {isa = PBXBuildFile; fileRef = 2C80C4F025B1F4FC00803A6B /* missions.json */; };
		2C80C4F425B1F4FC00803A6B /* missions.json in Resources */ = {isa = PBXBuildFile; fileRef = 2C80C4F025B1F4FC00803A6B /* missions.json */; };
		2C80C4FA25B1F5B300803A6B /* Astronaut.swift in Sources */ = {isa = PBXBuildFile; fileRef = 2C80C4F925B1F5B300803A6B /* Astronaut.swift */; };
		2C80C4FB25B1F5B300803A6B /* Astronaut.swift in Sources */ = {isa = PBXBuildFile; fileRef = 2C80C4F925B1F5B300803A6B /* Astronaut.swift */; };
		2C80C50125B1F60900803A6B /* Bundle-Decodable.swift in Sources */ = {isa = PBXBuildFile; fileRef = 2C80C50025B1F60900803A6B /* Bundle-Decodable.swift */; };
		2C80C50225B1F60900803A6B /* Bundle-Decodable.swift in Sources */ = {isa = PBXBuildFile; fileRef = 2C80C50025B1F60900803A6B /* Bundle-Decodable.swift */; };
/* End PBXBuildFile section */

/* Begin PBXContainerItemProxy section */
		2C418C7925AFD5AF00DAE5DB /* PBXContainerItemProxy */ = {
			isa = PBXContainerItemProxy;
			containerPortal = 2C418C5C25AFD5AE00DAE5DB /* Project object */;
			proxyType = 1;
			remoteGlobalIDString = 2C418C6725AFD5AF00DAE5DB;
			remoteInfo = "Moonshot (iOS)";
		};
		2C418C8425AFD5AF00DAE5DB /* PBXContainerItemProxy */ = {
			isa = PBXContainerItemProxy;
			containerPortal = 2C418C5C25AFD5AE00DAE5DB /* Project object */;
			proxyType = 1;
			remoteGlobalIDString = 2C418C6F25AFD5AF00DAE5DB;
			remoteInfo = "Moonshot (macOS)";
		};
/* End PBXContainerItemProxy section */

/* Begin PBXFileReference section */
		2C418C6125AFD5AE00DAE5DB /* MoonshotApp.swift */ = {isa = PBXFileReference; lastKnownFileType = sourcecode.swift; path = MoonshotApp.swift; sourceTree = "<group>"; };
		2C418C6225AFD5AE00DAE5DB /* ContentView.swift */ = {isa = PBXFileReference; lastKnownFileType = sourcecode.swift; path = ContentView.swift; sourceTree = "<group>"; };
		2C418C6325AFD5AF00DAE5DB /* Assets.xcassets */ = {isa = PBXFileReference; lastKnownFileType = folder.assetcatalog; path = Assets.xcassets; sourceTree = "<group>"; };
		2C418C6825AFD5AF00DAE5DB /* Moonshot.app */ = {isa = PBXFileReference; explicitFileType = wrapper.application; includeInIndex = 0; path = Moonshot.app; sourceTree = BUILT_PRODUCTS_DIR; };
		2C418C6B25AFD5AF00DAE5DB /* Info.plist */ = {isa = PBXFileReference; lastKnownFileType = text.plist.xml; path = Info.plist; sourceTree = "<group>"; };
		2C418C7025AFD5AF00DAE5DB /* Moonshot.app */ = {isa = PBXFileReference; explicitFileType = wrapper.application; includeInIndex = 0; path = Moonshot.app; sourceTree = BUILT_PRODUCTS_DIR; };
		2C418C7225AFD5AF00DAE5DB /* Info.plist */ = {isa = PBXFileReference; lastKnownFileType = text.plist.xml; path = Info.plist; sourceTree = "<group>"; };
		2C418C7325AFD5AF00DAE5DB /* macOS.entitlements */ = {isa = PBXFileReference; lastKnownFileType = text.plist.entitlements; path = macOS.entitlements; sourceTree = "<group>"; };
		2C418C7825AFD5AF00DAE5DB /* Tests iOS.xctest */ = {isa = PBXFileReference; explicitFileType = wrapper.cfbundle; includeInIndex = 0; path = "Tests iOS.xctest"; sourceTree = BUILT_PRODUCTS_DIR; };
		2C418C7C25AFD5AF00DAE5DB /* Tests_iOS.swift */ = {isa = PBXFileReference; lastKnownFileType = sourcecode.swift; path = Tests_iOS.swift; sourceTree = "<group>"; };
		2C418C7E25AFD5AF00DAE5DB /* Info.plist */ = {isa = PBXFileReference; lastKnownFileType = text.plist.xml; path = Info.plist; sourceTree = "<group>"; };
		2C418C8325AFD5AF00DAE5DB /* Tests macOS.xctest */ = {isa = PBXFileReference; explicitFileType = wrapper.cfbundle; includeInIndex = 0; path = "Tests macOS.xctest"; sourceTree = BUILT_PRODUCTS_DIR; };
		2C418C8725AFD5AF00DAE5DB /* Tests_macOS.swift */ = {isa = PBXFileReference; lastKnownFileType = sourcecode.swift; path = Tests_macOS.swift; sourceTree = "<group>"; };
		2C418C8925AFD5AF00DAE5DB /* Info.plist */ = {isa = PBXFileReference; lastKnownFileType = text.plist.xml; path = Info.plist; sourceTree = "<group>"; };
		2C80C4EF25B1F4FC00803A6B /* astronauts.json */ = {isa = PBXFileReference; fileEncoding = 4; lastKnownFileType = text.json; path = astronauts.json; sourceTree = "<group>"; };
		2C80C4F025B1F4FC00803A6B /* missions.json */ = {isa = PBXFileReference; fileEncoding = 4; lastKnownFileType = text.json; path = missions.json; sourceTree = "<group>"; };
		2C80C4F925B1F5B300803A6B /* Astronaut.swift */ = {isa = PBXFileReference; lastKnownFileType = sourcecode.swift; path = Astronaut.swift; sourceTree = "<group>"; };
		2C80C50025B1F60900803A6B /* Bundle-Decodable.swift */ = {isa = PBXFileReference; lastKnownFileType = sourcecode.swift; path = "Bundle-Decodable.swift"; sourceTree = "<group>"; };
/* End PBXFileReference section */

/* Begin PBXFrameworksBuildPhase section */
		2C418C6525AFD5AF00DAE5DB /* Frameworks */ = {
			isa = PBXFrameworksBuildPhase;
			buildActionMask = 2147483647;
			files = (
			);
			runOnlyForDeploymentPostprocessing = 0;
		};
		2C418C6D25AFD5AF00DAE5DB /* Frameworks */ = {
			isa = PBXFrameworksBuildPhase;
			buildActionMask = 2147483647;
			files = (
			);
			runOnlyForDeploymentPostprocessing = 0;
		};
		2C418C7525AFD5AF00DAE5DB /* Frameworks */ = {
			isa = PBXFrameworksBuildPhase;
			buildActionMask = 2147483647;
			files = (
			);
			runOnlyForDeploymentPostprocessing = 0;
		};
		2C418C8025AFD5AF00DAE5DB /* Frameworks */ = {
			isa = PBXFrameworksBuildPhase;
			buildActionMask = 2147483647;
			files = (
			);
			runOnlyForDeploymentPostprocessing = 0;
		};
/* End PBXFrameworksBuildPhase section */

/* Begin PBXGroup section */
		2C418C5B25AFD5AE00DAE5DB = {
			isa = PBXGroup;
			children = (
				2C418C6025AFD5AE00DAE5DB /* Shared */,
				2C418C6A25AFD5AF00DAE5DB /* iOS */,
				2C418C7125AFD5AF00DAE5DB /* macOS */,
				2C418C7B25AFD5AF00DAE5DB /* Tests iOS */,
				2C418C8625AFD5AF00DAE5DB /* Tests macOS */,
				2C418C6925AFD5AF00DAE5DB /* Products */,
			);
			sourceTree = "<group>";
		};
		2C418C6025AFD5AE00DAE5DB /* Shared */ = {
			isa = PBXGroup;
			children = (
				2C80C4EF25B1F4FC00803A6B /* astronauts.json */,
				2C80C4F025B1F4FC00803A6B /* missions.json */,
				2C418C6125AFD5AE00DAE5DB /* MoonshotApp.swift */,
				2C418C6225AFD5AE00DAE5DB /* ContentView.swift */,
				2C80C4F925B1F5B300803A6B /* Astronaut.swift */,
				2C80C50025B1F60900803A6B /* Bundle-Decodable.swift */,
				2C418C6325AFD5AF00DAE5DB /* Assets.xcassets */,
			);
			path = Shared;
			sourceTree = "<group>";
		};
		2C418C6925AFD5AF00DAE5DB /* Products */ = {
			isa = PBXGroup;
			children = (
				2C418C6825AFD5AF00DAE5DB /* Moonshot.app */,
				2C418C7025AFD5AF00DAE5DB /* Moonshot.app */,
				2C418C7825AFD5AF00DAE5DB /* Tests iOS.xctest */,
				2C418C8325AFD5AF00DAE5DB /* Tests macOS.xctest */,
			);
			name = Products;
			sourceTree = "<group>";
		};
		2C418C6A25AFD5AF00DAE5DB /* iOS */ = {
			isa = PBXGroup;
			children = (
				2C418C6B25AFD5AF00DAE5DB /* Info.plist */,
			);
			path = iOS;
			sourceTree = "<group>";
		};
		2C418C7125AFD5AF00DAE5DB /* macOS */ = {
			isa = PBXGroup;
			children = (
				2C418C7225AFD5AF00DAE5DB /* Info.plist */,
				2C418C7325AFD5AF00DAE5DB /* macOS.entitlements */,
			);
			path = macOS;
			sourceTree = "<group>";
		};
		2C418C7B25AFD5AF00DAE5DB /* Tests iOS */ = {
			isa = PBXGroup;
			children = (
				2C418C7C25AFD5AF00DAE5DB /* Tests_iOS.swift */,
				2C418C7E25AFD5AF00DAE5DB /* Info.plist */,
			);
			path = "Tests iOS";
			sourceTree = "<group>";
		};
		2C418C8625AFD5AF00DAE5DB /* Tests macOS */ = {
			isa = PBXGroup;
			children = (
				2C418C8725AFD5AF00DAE5DB /* Tests_macOS.swift */,
				2C418C8925AFD5AF00DAE5DB /* Info.plist */,
			);
			path = "Tests macOS";
			sourceTree = "<group>";
		};
/* End PBXGroup section */

/* Begin PBXNativeTarget section */
		2C418C6725AFD5AF00DAE5DB /* Moonshot (iOS) */ = {
			isa = PBXNativeTarget;
			buildConfigurationList = 2C418C9225AFD5AF00DAE5DB /* Build configuration list for PBXNativeTarget "Moonshot (iOS)" */;
			buildPhases = (
				2C418C6425AFD5AF00DAE5DB /* Sources */,
				2C418C6525AFD5AF00DAE5DB /* Frameworks */,
				2C418C6625AFD5AF00DAE5DB /* Resources */,
			);
			buildRules = (
			);
			dependencies = (
			);
			name = "Moonshot (iOS)";
			productName = "Moonshot (iOS)";
			productReference = 2C418C6825AFD5AF00DAE5DB /* Moonshot.app */;
			productType = "com.apple.product-type.application";
		};
		2C418C6F25AFD5AF00DAE5DB /* Moonshot (macOS) */ = {
			isa = PBXNativeTarget;
			buildConfigurationList = 2C418C9525AFD5AF00DAE5DB /* Build configuration list for PBXNativeTarget "Moonshot (macOS)" */;
			buildPhases = (
				2C418C6C25AFD5AF00DAE5DB /* Sources */,
				2C418C6D25AFD5AF00DAE5DB /* Frameworks */,
				2C418C6E25AFD5AF00DAE5DB /* Resources */,
			);
			buildRules = (
			);
			dependencies = (
			);
			name = "Moonshot (macOS)";
			productName = "Moonshot (macOS)";
			productReference = 2C418C7025AFD5AF00DAE5DB /* Moonshot.app */;
			productType = "com.apple.product-type.application";
		};
		2C418C7725AFD5AF00DAE5DB /* Tests iOS */ = {
			isa = PBXNativeTarget;
			buildConfigurationList = 2C418C9825AFD5AF00DAE5DB /* Build configuration list for PBXNativeTarget "Tests iOS" */;
			buildPhases = (
				2C418C7425AFD5AF00DAE5DB /* Sources */,
				2C418C7525AFD5AF00DAE5DB /* Frameworks */,
				2C418C7625AFD5AF00DAE5DB /* Resources */,
			);
			buildRules = (
			);
			dependencies = (
				2C418C7A25AFD5AF00DAE5DB /* PBXTargetDependency */,
			);
			name = "Tests iOS";
			productName = "Tests iOS";
			productReference = 2C418C7825AFD5AF00DAE5DB /* Tests iOS.xctest */;
			productType = "com.apple.product-type.bundle.ui-testing";
		};
		2C418C8225AFD5AF00DAE5DB /* Tests macOS */ = {
			isa = PBXNativeTarget;
			buildConfigurationList = 2C418C9B25AFD5AF00DAE5DB /* Build configuration list for PBXNativeTarget "Tests macOS" */;
			buildPhases = (
				2C418C7F25AFD5AF00DAE5DB /* Sources */,
				2C418C8025AFD5AF00DAE5DB /* Frameworks */,
				2C418C8125AFD5AF00DAE5DB /* Resources */,
			);
			buildRules = (
			);
			dependencies = (
				2C418C8525AFD5AF00DAE5DB /* PBXTargetDependency */,
			);
			name = "Tests macOS";
			productName = "Tests macOS";
			productReference = 2C418C8325AFD5AF00DAE5DB /* Tests macOS.xctest */;
			productType = "com.apple.product-type.bundle.ui-testing";
		};
/* End PBXNativeTarget section */

/* Begin PBXProject section */
		2C418C5C25AFD5AE00DAE5DB /* Project object */ = {
			isa = PBXProject;
			attributes = {
				LastSwiftUpdateCheck = 1230;
				LastUpgradeCheck = 1230;
				TargetAttributes = {
					2C418C6725AFD5AF00DAE5DB = {
						CreatedOnToolsVersion = 12.3;
					};
					2C418C6F25AFD5AF00DAE5DB = {
						CreatedOnToolsVersion = 12.3;
					};
					2C418C7725AFD5AF00DAE5DB = {
						CreatedOnToolsVersion = 12.3;
						TestTargetID = 2C418C6725AFD5AF00DAE5DB;
					};
					2C418C8225AFD5AF00DAE5DB = {
						CreatedOnToolsVersion = 12.3;
						TestTargetID = 2C418C6F25AFD5AF00DAE5DB;
					};
				};
			};
			buildConfigurationList = 2C418C5F25AFD5AE00DAE5DB /* Build configuration list for PBXProject "Moonshot" */;
			compatibilityVersion = "Xcode 9.3";
			developmentRegion = en;
			hasScannedForEncodings = 0;
			knownRegions = (
				en,
				Base,
			);
			mainGroup = 2C418C5B25AFD5AE00DAE5DB;
			productRefGroup = 2C418C6925AFD5AF00DAE5DB /* Products */;
			projectDirPath = "";
			projectRoot = "";
			targets = (
				2C418C6725AFD5AF00DAE5DB /* Moonshot (iOS) */,
				2C418C6F25AFD5AF00DAE5DB /* Moonshot (macOS) */,
				2C418C7725AFD5AF00DAE5DB /* Tests iOS */,
				2C418C8225AFD5AF00DAE5DB /* Tests macOS */,
			);
		};
/* End PBXProject section */

/* Begin PBXResourcesBuildPhase section */
		2C418C6625AFD5AF00DAE5DB /* Resources */ = {
			isa = PBXResourcesBuildPhase;
			buildActionMask = 2147483647;
			files = (
				2C418C8E25AFD5AF00DAE5DB /* Assets.xcassets in Resources */,
				2C80C4F325B1F4FC00803A6B /* missions.json in Resources */,
				2C80C4F125B1F4FC00803A6B /* astronauts.json in Resources */,
			);
			runOnlyForDeploymentPostprocessing = 0;
		};
		2C418C6E25AFD5AF00DAE5DB /* Resources */ = {
			isa = PBXResourcesBuildPhase;
			buildActionMask = 2147483647;
			files = (
				2C418C8F25AFD5AF00DAE5DB /* Assets.xcassets in Resources */,
				2C80C4F425B1F4FC00803A6B /* missions.json in Resources */,
				2C80C4F225B1F4FC00803A6B /* astronauts.json in Resources */,
			);
			runOnlyForDeploymentPostprocessing = 0;
		};
		2C418C7625AFD5AF00DAE5DB /* Resources */ = {
			isa = PBXResourcesBuildPhase;
			buildActionMask = 2147483647;
			files = (
			);
			runOnlyForDeploymentPostprocessing = 0;
		};
		2C418C8125AFD5AF00DAE5DB /* Resources */ = {
			isa = PBXResourcesBuildPhase;
			buildActionMask = 2147483647;
			files = (
			);
			runOnlyForDeploymentPostprocessing = 0;
		};
/* End PBXResourcesBuildPhase section */

/* Begin PBXSourcesBuildPhase section */
		2C418C6425AFD5AF00DAE5DB /* Sources */ = {
			isa = PBXSourcesBuildPhase;
			buildActionMask = 2147483647;
			files = (
				2C80C4FA25B1F5B300803A6B /* Astronaut.swift in Sources */,
				2C418C8C25AFD5AF00DAE5DB /* ContentView.swift in Sources */,
				2C418C8A25AFD5AF00DAE5DB /* MoonshotApp.swift in Sources */,
				2C80C50125B1F60900803A6B /* Bundle-Decodable.swift in Sources */,
			);
			runOnlyForDeploymentPostprocessing = 0;
		};
		2C418C6C25AFD5AF00DAE5DB /* Sources */ = {
			isa = PBXSourcesBuildPhase;
			buildActionMask = 2147483647;
			files = (
				2C80C4FB25B1F5B300803A6B /* Astronaut.swift in Sources */,
				2C418C8D25AFD5AF00DAE5DB /* ContentView.swift in Sources */,
				2C418C8B25AFD5AF00DAE5DB /* MoonshotApp.swift in Sources */,
				2C80C50225B1F60900803A6B /* Bundle-Decodable.swift in Sources */,
			);
			runOnlyForDeploymentPostprocessing = 0;
		};
		2C418C7425AFD5AF00DAE5DB /* Sources */ = {
			isa = PBXSourcesBuildPhase;
			buildActionMask = 2147483647;
			files = (
				2C418C7D25AFD5AF00DAE5DB /* Tests_iOS.swift in Sources */,
			);
			runOnlyForDeploymentPostprocessing = 0;
		};
		2C418C7F25AFD5AF00DAE5DB /* Sources */ = {
			isa = PBXSourcesBuildPhase;
			buildActionMask = 2147483647;
			files = (
				2C418C8825AFD5AF00DAE5DB /* Tests_macOS.swift in Sources */,
			);
			runOnlyForDeploymentPostprocessing = 0;
		};
/* End PBXSourcesBuildPhase section */

/* Begin PBXTargetDependency section */
		2C418C7A25AFD5AF00DAE5DB /* PBXTargetDependency */ = {
			isa = PBXTargetDependency;
			target = 2C418C6725AFD5AF00DAE5DB /* Moonshot (iOS) */;
			targetProxy = 2C418C7925AFD5AF00DAE5DB /* PBXContainerItemProxy */;
		};
		2C418C8525AFD5AF00DAE5DB /* PBXTargetDependency */ = {
			isa = PBXTargetDependency;
			target = 2C418C6F25AFD5AF00DAE5DB /* Moonshot (macOS) */;
			targetProxy = 2C418C8425AFD5AF00DAE5DB /* PBXContainerItemProxy */;
		};
/* End PBXTargetDependency section */

/* Begin XCBuildConfiguration section */
		2C418C9025AFD5AF00DAE5DB /* Debug */ = {
			isa = XCBuildConfiguration;
			buildSettings = {
				ALWAYS_SEARCH_USER_PATHS = NO;
				CLANG_ANALYZER_NONNULL = YES;
				CLANG_ANALYZER_NUMBER_OBJECT_CONVERSION = YES_AGGRESSIVE;
				CLANG_CXX_LANGUAGE_STANDARD = "gnu++14";
				CLANG_CXX_LIBRARY = "libc++";
				CLANG_ENABLE_MODULES = YES;
				CLANG_ENABLE_OBJC_ARC = YES;
				CLANG_ENABLE_OBJC_WEAK = YES;
				CLANG_WARN_BLOCK_CAPTURE_AUTORELEASING = YES;
				CLANG_WARN_BOOL_CONVERSION = YES;
				CLANG_WARN_COMMA = YES;
				CLANG_WARN_CONSTANT_CONVERSION = YES;
				CLANG_WARN_DEPRECATED_OBJC_IMPLEMENTATIONS = YES;
				CLANG_WARN_DIRECT_OBJC_ISA_USAGE = YES_ERROR;
				CLANG_WARN_DOCUMENTATION_COMMENTS = YES;
				CLANG_WARN_EMPTY_BODY = YES;
				CLANG_WARN_ENUM_CONVERSION = YES;
				CLANG_WARN_INFINITE_RECURSION = YES;
				CLANG_WARN_INT_CONVERSION = YES;
				CLANG_WARN_NON_LITERAL_NULL_CONVERSION = YES;
				CLANG_WARN_OBJC_IMPLICIT_RETAIN_SELF = YES;
				CLANG_WARN_OBJC_LITERAL_CONVERSION = YES;
				CLANG_WARN_OBJC_ROOT_CLASS = YES_ERROR;
				CLANG_WARN_QUOTED_INCLUDE_IN_FRAMEWORK_HEADER = YES;
				CLANG_WARN_RANGE_LOOP_ANALYSIS = YES;
				CLANG_WARN_STRICT_PROTOTYPES = YES;
				CLANG_WARN_SUSPICIOUS_MOVE = YES;
				CLANG_WARN_UNGUARDED_AVAILABILITY = YES_AGGRESSIVE;
				CLANG_WARN_UNREACHABLE_CODE = YES;
				CLANG_WARN__DUPLICATE_METHOD_MATCH = YES;
				COPY_PHASE_STRIP = NO;
				DEBUG_INFORMATION_FORMAT = dwarf;
				ENABLE_STRICT_OBJC_MSGSEND = YES;
				ENABLE_TESTABILITY = YES;
				GCC_C_LANGUAGE_STANDARD = gnu11;
				GCC_DYNAMIC_NO_PIC = NO;
				GCC_NO_COMMON_BLOCKS = YES;
				GCC_OPTIMIZATION_LEVEL = 0;
				GCC_PREPROCESSOR_DEFINITIONS = (
					"DEBUG=1",
					"$(inherited)",
				);
				GCC_WARN_64_TO_32_BIT_CONVERSION = YES;
				GCC_WARN_ABOUT_RETURN_TYPE = YES_ERROR;
				GCC_WARN_UNDECLARED_SELECTOR = YES;
				GCC_WARN_UNINITIALIZED_AUTOS = YES_AGGRESSIVE;
				GCC_WARN_UNUSED_FUNCTION = YES;
				GCC_WARN_UNUSED_VARIABLE = YES;
				MTL_ENABLE_DEBUG_INFO = INCLUDE_SOURCE;
				MTL_FAST_MATH = YES;
				ONLY_ACTIVE_ARCH = YES;
				SWIFT_ACTIVE_COMPILATION_CONDITIONS = DEBUG;
				SWIFT_OPTIMIZATION_LEVEL = "-Onone";
			};
			name = Debug;
		};
		2C418C9125AFD5AF00DAE5DB /* Release */ = {
			isa = XCBuildConfiguration;
			buildSettings = {
				ALWAYS_SEARCH_USER_PATHS = NO;
				CLANG_ANALYZER_NONNULL = YES;
				CLANG_ANALYZER_NUMBER_OBJECT_CONVERSION = YES_AGGRESSIVE;
				CLANG_CXX_LANGUAGE_STANDARD = "gnu++14";
				CLANG_CXX_LIBRARY = "libc++";
				CLANG_ENABLE_MODULES = YES;
				CLANG_ENABLE_OBJC_ARC = YES;
				CLANG_ENABLE_OBJC_WEAK = YES;
				CLANG_WARN_BLOCK_CAPTURE_AUTORELEASING = YES;
				CLANG_WARN_BOOL_CONVERSION = YES;
				CLANG_WARN_COMMA = YES;
				CLANG_WARN_CONSTANT_CONVERSION = YES;
				CLANG_WARN_DEPRECATED_OBJC_IMPLEMENTATIONS = YES;
				CLANG_WARN_DIRECT_OBJC_ISA_USAGE = YES_ERROR;
				CLANG_WARN_DOCUMENTATION_COMMENTS = YES;
				CLANG_WARN_EMPTY_BODY = YES;
				CLANG_WARN_ENUM_CONVERSION = YES;
				CLANG_WARN_INFINITE_RECURSION = YES;
				CLANG_WARN_INT_CONVERSION = YES;
				CLANG_WARN_NON_LITERAL_NULL_CONVERSION = YES;
				CLANG_WARN_OBJC_IMPLICIT_RETAIN_SELF = YES;
				CLANG_WARN_OBJC_LITERAL_CONVERSION = YES;
				CLANG_WARN_OBJC_ROOT_CLASS = YES_ERROR;
				CLANG_WARN_QUOTED_INCLUDE_IN_FRAMEWORK_HEADER = YES;
				CLANG_WARN_RANGE_LOOP_ANALYSIS = YES;
				CLANG_WARN_STRICT_PROTOTYPES = YES;
				CLANG_WARN_SUSPICIOUS_MOVE = YES;
				CLANG_WARN_UNGUARDED_AVAILABILITY = YES_AGGRESSIVE;
				CLANG_WARN_UNREACHABLE_CODE = YES;
				CLANG_WARN__DUPLICATE_METHOD_MATCH = YES;
				COPY_PHASE_STRIP = NO;
				DEBUG_INFORMATION_FORMAT = "dwarf-with-dsym";
				ENABLE_NS_ASSERTIONS = NO;
				ENABLE_STRICT_OBJC_MSGSEND = YES;
				GCC_C_LANGUAGE_STANDARD = gnu11;
				GCC_NO_COMMON_BLOCKS = YES;
				GCC_WARN_64_TO_32_BIT_CONVERSION = YES;
				GCC_WARN_ABOUT_RETURN_TYPE = YES_ERROR;
				GCC_WARN_UNDECLARED_SELECTOR = YES;
				GCC_WARN_UNINITIALIZED_AUTOS = YES_AGGRESSIVE;
				GCC_WARN_UNUSED_FUNCTION = YES;
				GCC_WARN_UNUSED_VARIABLE = YES;
				MTL_ENABLE_DEBUG_INFO = NO;
				MTL_FAST_MATH = YES;
				SWIFT_COMPILATION_MODE = wholemodule;
				SWIFT_OPTIMIZATION_LEVEL = "-O";
			};
			name = Release;
		};
		2C418C9325AFD5AF00DAE5DB /* Debug */ = {
			isa = XCBuildConfiguration;
			buildSettings = {
				ASSETCATALOG_COMPILER_APPICON_NAME = AppIcon;
				ASSETCATALOG_COMPILER_GLOBAL_ACCENT_COLOR_NAME = AccentColor;
				CODE_SIGN_STYLE = Automatic;
				DEVELOPMENT_TEAM = VA8GM4F7TR;
				ENABLE_PREVIEWS = YES;
				INFOPLIST_FILE = iOS/Info.plist;
				IPHONEOS_DEPLOYMENT_TARGET = 14.0;
				LD_RUNPATH_SEARCH_PATHS = (
					"$(inherited)",
					"@executable_path/Frameworks",
				);
				PRODUCT_BUNDLE_IDENTIFIER = com.brandolugo.Moonshot;
				PRODUCT_NAME = Moonshot;
				SDKROOT = iphoneos;
				SWIFT_VERSION = 5.0;
				TARGETED_DEVICE_FAMILY = "1,2";
			};
			name = Debug;
		};
		2C418C9425AFD5AF00DAE5DB /* Release */ = {
			isa = XCBuildConfiguration;
			buildSettings = {
				ASSETCATALOG_COMPILER_APPICON_NAME = AppIcon;
				ASSETCATALOG_COMPILER_GLOBAL_ACCENT_COLOR_NAME = AccentColor;
				CODE_SIGN_STYLE = Automatic;
				DEVELOPMENT_TEAM = VA8GM4F7TR;
				ENABLE_PREVIEWS = YES;
				INFOPLIST_FILE = iOS/Info.plist;
				IPHONEOS_DEPLOYMENT_TARGET = 14.0;
				LD_RUNPATH_SEARCH_PATHS = (
					"$(inherited)",
					"@executable_path/Frameworks",
				);
				PRODUCT_BUNDLE_IDENTIFIER = com.brandolugo.Moonshot;
				PRODUCT_NAME = Moonshot;
				SDKROOT = iphoneos;
				SWIFT_VERSION = 5.0;
				TARGETED_DEVICE_FAMILY = "1,2";
				VALIDATE_PRODUCT = YES;
			};
			name = Release;
		};
		2C418C9625AFD5AF00DAE5DB /* Debug */ = {
			isa = XCBuildConfiguration;
			buildSettings = {
				ASSETCATALOG_COMPILER_APPICON_NAME = AppIcon;
				ASSETCATALOG_COMPILER_GLOBAL_ACCENT_COLOR_NAME = AccentColor;
				CODE_SIGN_ENTITLEMENTS = macOS/macOS.entitlements;
				CODE_SIGN_STYLE = Automatic;
				COMBINE_HIDPI_IMAGES = YES;
				DEVELOPMENT_TEAM = VA8GM4F7TR;
				ENABLE_HARDENED_RUNTIME = YES;
				ENABLE_PREVIEWS = YES;
				INFOPLIST_FILE = macOS/Info.plist;
				LD_RUNPATH_SEARCH_PATHS = (
					"$(inherited)",
					"@executable_path/../Frameworks",
				);
				MACOSX_DEPLOYMENT_TARGET = 11.0;
				PRODUCT_BUNDLE_IDENTIFIER = com.brandolugo.Moonshot;
				PRODUCT_NAME = Moonshot;
				SDKROOT = macosx;
				SWIFT_VERSION = 5.0;
			};
			name = Debug;
		};
		2C418C9725AFD5AF00DAE5DB /* Release */ = {
			isa = XCBuildConfiguration;
			buildSettings = {
				ASSETCATALOG_COMPILER_APPICON_NAME = AppIcon;
				ASSETCATALOG_COMPILER_GLOBAL_ACCENT_COLOR_NAME = AccentColor;
				CODE_SIGN_ENTITLEMENTS = macOS/macOS.entitlements;
				CODE_SIGN_STYLE = Automatic;
				COMBINE_HIDPI_IMAGES = YES;
				DEVELOPMENT_TEAM = VA8GM4F7TR;
				ENABLE_HARDENED_RUNTIME = YES;
				ENABLE_PREVIEWS = YES;
				INFOPLIST_FILE = macOS/Info.plist;
				LD_RUNPATH_SEARCH_PATHS = (
					"$(inherited)",
					"@executable_path/../Frameworks",
				);
				MACOSX_DEPLOYMENT_TARGET = 11.0;
				PRODUCT_BUNDLE_IDENTIFIER = com.brandolugo.Moonshot;
				PRODUCT_NAME = Moonshot;
				SDKROOT = macosx;
				SWIFT_VERSION = 5.0;
			};
			name = Release;
		};
		2C418C9925AFD5AF00DAE5DB /* Debug */ = {
			isa = XCBuildConfiguration;
			buildSettings = {
				ALWAYS_EMBED_SWIFT_STANDARD_LIBRARIES = YES;
				CODE_SIGN_STYLE = Automatic;
				DEVELOPMENT_TEAM = VA8GM4F7TR;
				INFOPLIST_FILE = "Tests iOS/Info.plist";
				IPHONEOS_DEPLOYMENT_TARGET = 14.3;
				LD_RUNPATH_SEARCH_PATHS = (
					"$(inherited)",
					"@executable_path/Frameworks",
					"@loader_path/Frameworks",
				);
				PRODUCT_BUNDLE_IDENTIFIER = "com.brandolugo.Tests-iOS";
				PRODUCT_NAME = "$(TARGET_NAME)";
				SDKROOT = iphoneos;
				SWIFT_VERSION = 5.0;
				TARGETED_DEVICE_FAMILY = "1,2";
				TEST_TARGET_NAME = "Moonshot (iOS)";
			};
			name = Debug;
		};
		2C418C9A25AFD5AF00DAE5DB /* Release */ = {
			isa = XCBuildConfiguration;
			buildSettings = {
				ALWAYS_EMBED_SWIFT_STANDARD_LIBRARIES = YES;
				CODE_SIGN_STYLE = Automatic;
				DEVELOPMENT_TEAM = VA8GM4F7TR;
				INFOPLIST_FILE = "Tests iOS/Info.plist";
				IPHONEOS_DEPLOYMENT_TARGET = 14.3;
				LD_RUNPATH_SEARCH_PATHS = (
					"$(inherited)",
					"@executable_path/Frameworks",
					"@loader_path/Frameworks",
				);
				PRODUCT_BUNDLE_IDENTIFIER = "com.brandolugo.Tests-iOS";
				PRODUCT_NAME = "$(TARGET_NAME)";
				SDKROOT = iphoneos;
				SWIFT_VERSION = 5.0;
				TARGETED_DEVICE_FAMILY = "1,2";
				TEST_TARGET_NAME = "Moonshot (iOS)";
				VALIDATE_PRODUCT = YES;
			};
			name = Release;
		};
		2C418C9C25AFD5AF00DAE5DB /* Debug */ = {
			isa = XCBuildConfiguration;
			buildSettings = {
				ALWAYS_EMBED_SWIFT_STANDARD_LIBRARIES = YES;
				CODE_SIGN_STYLE = Automatic;
				COMBINE_HIDPI_IMAGES = YES;
				DEVELOPMENT_TEAM = VA8GM4F7TR;
				INFOPLIST_FILE = "Tests macOS/Info.plist";
				LD_RUNPATH_SEARCH_PATHS = (
					"$(inherited)",
					"@executable_path/../Frameworks",
					"@loader_path/../Frameworks",
				);
				MACOSX_DEPLOYMENT_TARGET = 11.1;
				PRODUCT_BUNDLE_IDENTIFIER = "com.brandolugo.Tests-macOS";
				PRODUCT_NAME = "$(TARGET_NAME)";
				SDKROOT = macosx;
				SWIFT_VERSION = 5.0;
				TEST_TARGET_NAME = "Moonshot (macOS)";
			};
			name = Debug;
		};
		2C418C9D25AFD5AF00DAE5DB /* Release */ = {
			isa = XCBuildConfiguration;
			buildSettings = {
				ALWAYS_EMBED_SWIFT_STANDARD_LIBRARIES = YES;
				CODE_SIGN_STYLE = Automatic;
				COMBINE_HIDPI_IMAGES = YES;
				DEVELOPMENT_TEAM = VA8GM4F7TR;
				INFOPLIST_FILE = "Tests macOS/Info.plist";
				LD_RUNPATH_SEARCH_PATHS = (
					"$(inherited)",
					"@executable_path/../Frameworks",
					"@loader_path/../Frameworks",
				);
				MACOSX_DEPLOYMENT_TARGET = 11.1;
				PRODUCT_BUNDLE_IDENTIFIER = "com.brandolugo.Tests-macOS";
				PRODUCT_NAME = "$(TARGET_NAME)";
				SDKROOT = macosx;
				SWIFT_VERSION = 5.0;
				TEST_TARGET_NAME = "Moonshot (macOS)";
			};
			name = Release;
		};
/* End XCBuildConfiguration section */

/* Begin XCConfigurationList section */
		2C418C5F25AFD5AE00DAE5DB /* Build configuration list for PBXProject "Moonshot" */ = {
			isa = XCConfigurationList;
			buildConfigurations = (
				2C418C9025AFD5AF00DAE5DB /* Debug */,
				2C418C9125AFD5AF00DAE5DB /* Release */,
			);
			defaultConfigurationIsVisible = 0;
			defaultConfigurationName = Release;
		};
		2C418C9225AFD5AF00DAE5DB /* Build configuration list for PBXNativeTarget "Moonshot (iOS)" */ = {
			isa = XCConfigurationList;
			buildConfigurations = (
				2C418C9325AFD5AF00DAE5DB /* Debug */,
				2C418C9425AFD5AF00DAE5DB /* Release */,
			);
			defaultConfigurationIsVisible = 0;
			defaultConfigurationName = Release;
		};
		2C418C9525AFD5AF00DAE5DB /* Build configuration list for PBXNativeTarget "Moonshot (macOS)" */ = {
			isa = XCConfigurationList;
			buildConfigurations = (
				2C418C9625AFD5AF00DAE5DB /* Debug */,
				2C418C9725AFD5AF00DAE5DB /* Release */,
			);
			defaultConfigurationIsVisible = 0;
			defaultConfigurationName = Release;
		};
		2C418C9825AFD5AF00DAE5DB /* Build configuration list for PBXNativeTarget "Tests iOS" */ = {
			isa = XCConfigurationList;
			buildConfigurations = (
				2C418C9925AFD5AF00DAE5DB /* Debug */,
				2C418C9A25AFD5AF00DAE5DB /* Release */,
			);
			defaultConfigurationIsVisible = 0;
			defaultConfigurationName = Release;
		};
		2C418C9B25AFD5AF00DAE5DB /* Build configuration list for PBXNativeTarget "Tests macOS" */ = {
			isa = XCConfigurationList;
			buildConfigurations = (
				2C418C9C25AFD5AF00DAE5DB /* Debug */,
				2C418C9D25AFD5AF00DAE5DB /* Release */,
			);
			defaultConfigurationIsVisible = 0;
			defaultConfigurationName = Release;
		};
/* End XCConfigurationList section */
	};
	rootObject = 2C418C5C25AFD5AE00DAE5DB /* Project object */;
}
